
Microsoft Visual Studio Solution File, Format Version 12.00
# Visual Studio Version 17
VisualStudioVersion = 17.8.34330.188
MinimumVisualStudioVersion = 10.0.40219.1
Project("{2150E333-8FDC-42A3-9474-1A3956D46DE8}") = "Lab1", "Lab1", "{2C375FEE-9CD9-42EA-BD42-4E3C1E2C6D8E}"
EndProject
Project("{9A19103F-16F7-4668-BE54-9A1E7A4F7556}") = "EncryptionLibrary", "Lab1\EncryptionLibrary\EncryptionLibrary.csproj", "{654459BA-A772-4B41-AB5D-E2A1D5424E36}"
EndProject
Project("{9A19103F-16F7-4668-BE54-9A1E7A4F7556}") = "WpfEncryptor", "Lab1\WpfEncryptor\WpfEncryptor.csproj", "{5968D9EE-FB96-4351-826C-1E77C0229F44}"
EndProject
Project("{2150E333-8FDC-42A3-9474-1A3956D46DE8}") = "Lab2", "Lab2", "{E83665CC-1266-4408-8E80-7EB6B83E25AD}"
EndProject
Project("{9A19103F-16F7-4668-BE54-9A1E7A4F7556}") = "DataEncryptionStandard", "Lab2\DataEncryptionStandard\DataEncryptionStandard.csproj", "{8A9B2B19-6A11-4E1A-8D31-67A7D8BC4430}"
EndProject
Project("{9A19103F-16F7-4668-BE54-9A1E7A4F7556}") = "Domain", "Lab2\Domain\Domain.csproj", "{ABB77AF2-0A67-4A9A-A234-6346166DE04D}"
EndProject
Project("{9A19103F-16F7-4668-BE54-9A1E7A4F7556}") = "KerberosClient", "Lab2\KerberosClient\KerberosClient.csproj", "{BAC70DC3-5B68-4697-BC38-38C2494425D4}"
EndProject
Project("{9A19103F-16F7-4668-BE54-9A1E7A4F7556}") = "KerberosServer", "Lab2\KerberosServer\KerberosServer.csproj", "{704E3D64-9029-41AE-9345-9B66260A94A8}"
EndProject
Project("{2150E333-8FDC-42A3-9474-1A3956D46DE8}") = "Lab3", "Lab3", "{111A1A53-B011-45B3-8B44-4EF07D173EE8}"
EndProject
Project("{9A19103F-16F7-4668-BE54-9A1E7A4F7556}") = "TcpAttackApp", "Lab3\TcpAttackApp\TcpAttackApp.csproj", "{EB591D07-E1D7-417A-ADB6-54C2F7A26FD9}"
EndProject
Project("{2150E333-8FDC-42A3-9474-1A3956D46DE8}") = "Lab4-5", "Lab4-5", "{7E70AF6D-480D-4FE5-B85B-F66F60E8E9EF}"
EndProject
Project("{9A19103F-16F7-4668-BE54-9A1E7A4F7556}") = "SecureApp", "Lab4-5\SecureApp\SecureApp.csproj", "{7CEAA7AE-CC24-443C-B51F-CB5CA2BA43D3}"
EndProject
Project("{54435603-DBB4-11D2-8724-00A0C9A8B90C}") = "Setup", "Lab4-5\Setup\Setup.vdproj", "{664DB661-8859-41D6-A032-38AA22C9C923}"
EndProject
Project("{2150E333-8FDC-42A3-9474-1A3956D46DE8}") = "Lab6", "Lab6", "{6C85C87F-A686-4965-891A-F31E2D5B9BA9}"
EndProject
Project("{9A19103F-16F7-4668-BE54-9A1E7A4F7556}") = "ObfuscateApp", "Lab6\ObfuscateApp\ObfuscateApp.csproj", "{8DBE4EBB-2B41-4504-8546-7AB6A911407D}"
EndProject
Global
	GlobalSection(SolutionConfigurationPlatforms) = preSolution
		Debug|Any CPU = Debug|Any CPU
		Release|Any CPU = Release|Any CPU
	EndGlobalSection
	GlobalSection(ProjectConfigurationPlatforms) = postSolution
		{654459BA-A772-4B41-AB5D-E2A1D5424E36}.Debug|Any CPU.ActiveCfg = Debug|Any CPU
		{654459BA-A772-4B41-AB5D-E2A1D5424E36}.Debug|Any CPU.Build.0 = Debug|Any CPU
		{654459BA-A772-4B41-AB5D-E2A1D5424E36}.Release|Any CPU.ActiveCfg = Release|Any CPU
		{654459BA-A772-4B41-AB5D-E2A1D5424E36}.Release|Any CPU.Build.0 = Release|Any CPU
		{5968D9EE-FB96-4351-826C-1E77C0229F44}.Debug|Any CPU.ActiveCfg = Debug|Any CPU
		{5968D9EE-FB96-4351-826C-1E77C0229F44}.Debug|Any CPU.Build.0 = Debug|Any CPU
		{5968D9EE-FB96-4351-826C-1E77C0229F44}.Release|Any CPU.ActiveCfg = Release|Any CPU
		{5968D9EE-FB96-4351-826C-1E77C0229F44}.Release|Any CPU.Build.0 = Release|Any CPU
		{8A9B2B19-6A11-4E1A-8D31-67A7D8BC4430}.Debug|Any CPU.ActiveCfg = Debug|Any CPU
		{8A9B2B19-6A11-4E1A-8D31-67A7D8BC4430}.Debug|Any CPU.Build.0 = Debug|Any CPU
		{8A9B2B19-6A11-4E1A-8D31-67A7D8BC4430}.Release|Any CPU.ActiveCfg = Release|Any CPU
		{8A9B2B19-6A11-4E1A-8D31-67A7D8BC4430}.Release|Any CPU.Build.0 = Release|Any CPU
		{ABB77AF2-0A67-4A9A-A234-6346166DE04D}.Debug|Any CPU.ActiveCfg = Debug|Any CPU
		{ABB77AF2-0A67-4A9A-A234-6346166DE04D}.Debug|Any CPU.Build.0 = Debug|Any CPU
		{ABB77AF2-0A67-4A9A-A234-6346166DE04D}.Release|Any CPU.ActiveCfg = Release|Any CPU
		{ABB77AF2-0A67-4A9A-A234-6346166DE04D}.Release|Any CPU.Build.0 = Release|Any CPU
		{BAC70DC3-5B68-4697-BC38-38C2494425D4}.Debug|Any CPU.ActiveCfg = Debug|Any CPU
		{BAC70DC3-5B68-4697-BC38-38C2494425D4}.Debug|Any CPU.Build.0 = Debug|Any CPU
		{BAC70DC3-5B68-4697-BC38-38C2494425D4}.Release|Any CPU.ActiveCfg = Release|Any CPU
		{BAC70DC3-5B68-4697-BC38-38C2494425D4}.Release|Any CPU.Build.0 = Release|Any CPU
		{704E3D64-9029-41AE-9345-9B66260A94A8}.Debug|Any CPU.ActiveCfg = Debug|Any CPU
		{704E3D64-9029-41AE-9345-9B66260A94A8}.Debug|Any CPU.Build.0 = Debug|Any CPU
		{704E3D64-9029-41AE-9345-9B66260A94A8}.Release|Any CPU.ActiveCfg = Release|Any CPU
		{704E3D64-9029-41AE-9345-9B66260A94A8}.Release|Any CPU.Build.0 = Release|Any CPU
		{EB591D07-E1D7-417A-ADB6-54C2F7A26FD9}.Debug|Any CPU.ActiveCfg = Debug|Any CPU
		{EB591D07-E1D7-417A-ADB6-54C2F7A26FD9}.Debug|Any CPU.Build.0 = Debug|Any CPU
		{EB591D07-E1D7-417A-ADB6-54C2F7A26FD9}.Release|Any CPU.ActiveCfg = Release|Any CPU
		{EB591D07-E1D7-417A-ADB6-54C2F7A26FD9}.Release|Any CPU.Build.0 = Release|Any CPU
		{7CEAA7AE-CC24-443C-B51F-CB5CA2BA43D3}.Debug|Any CPU.ActiveCfg = Debug|Any CPU
		{7CEAA7AE-CC24-443C-B51F-CB5CA2BA43D3}.Debug|Any CPU.Build.0 = Debug|Any CPU
		{7CEAA7AE-CC24-443C-B51F-CB5CA2BA43D3}.Release|Any CPU.ActiveCfg = Debug|Any CPU
		{7CEAA7AE-CC24-443C-B51F-CB5CA2BA43D3}.Release|Any CPU.Build.0 = Debug|Any CPU
		{664DB661-8859-41D6-A032-38AA22C9C923}.Debug|Any CPU.ActiveCfg = Release
		{664DB661-8859-41D6-A032-38AA22C9C923}.Release|Any CPU.ActiveCfg = Release
		{8DBE4EBB-2B41-4504-8546-7AB6A911407D}.Debug|Any CPU.ActiveCfg = Debug|Any CPU
		{8DBE4EBB-2B41-4504-8546-7AB6A911407D}.Debug|Any CPU.Build.0 = Debug|Any CPU
		{8DBE4EBB-2B41-4504-8546-7AB6A911407D}.Release|Any CPU.ActiveCfg = Release|Any CPU
		{8DBE4EBB-2B41-4504-8546-7AB6A911407D}.Release|Any CPU.Build.0 = Release|Any CPU
	EndGlobalSection
	GlobalSection(SolutionProperties) = preSolution
		HideSolutionNode = FALSE
	EndGlobalSection
	GlobalSection(NestedProjects) = preSolution
		{654459BA-A772-4B41-AB5D-E2A1D5424E36} = {2C375FEE-9CD9-42EA-BD42-4E3C1E2C6D8E}
		{5968D9EE-FB96-4351-826C-1E77C0229F44} = {2C375FEE-9CD9-42EA-BD42-4E3C1E2C6D8E}
		{8A9B2B19-6A11-4E1A-8D31-67A7D8BC4430} = {E83665CC-1266-4408-8E80-7EB6B83E25AD}
		{ABB77AF2-0A67-4A9A-A234-6346166DE04D} = {E83665CC-1266-4408-8E80-7EB6B83E25AD}
		{BAC70DC3-5B68-4697-BC38-38C2494425D4} = {E83665CC-1266-4408-8E80-7EB6B83E25AD}
		{704E3D64-9029-41AE-9345-9B66260A94A8} = {E83665CC-1266-4408-8E80-7EB6B83E25AD}
		{EB591D07-E1D7-417A-ADB6-54C2F7A26FD9} = {111A1A53-B011-45B3-8B44-4EF07D173EE8}
		{7CEAA7AE-CC24-443C-B51F-CB5CA2BA43D3} = {7E70AF6D-480D-4FE5-B85B-F66F60E8E9EF}
		{664DB661-8859-41D6-A032-38AA22C9C923} = {7E70AF6D-480D-4FE5-B85B-F66F60E8E9EF}
		{8DBE4EBB-2B41-4504-8546-7AB6A911407D} = {6C85C87F-A686-4965-891A-F31E2D5B9BA9}
	EndGlobalSection
	GlobalSection(ExtensibilityGlobals) = postSolution
		SolutionGuid = {F13683EA-C0DA-44AC-A002-68E2ABF741DC}
	EndGlobalSection
EndGlobal
